
Microsoft Visual Studio Solution File, Format Version 12.00
# Visual Studio Version 17
VisualStudioVersion = 17.8.34525.116
MinimumVisualStudioVersion = 10.0.40219.1
Project("{F184B08F-C81C-45F6-A57F-5ABD9991F28F}") = "WelcomingForm", "WelcomingForm\WelcomingForm.vbproj", "{CADD4CDE-ACFB-477D-9286-207948A01009}"
EndProject
Global
	GlobalSection(SolutionConfigurationPlatforms) = preSolution
		Debug|Any CPU = Debug|Any CPU
		Release|Any CPU = Release|Any CPU
	EndGlobalSection
	GlobalSection(ProjectConfigurationPlatforms) = postSolution
		{CADD4CDE-ACFB-477D-9286-207948A01009}.Debug|Any CPU.ActiveCfg = Debug|Any CPU
		{CADD4CDE-ACFB-477D-9286-207948A01009}.Debug|Any CPU.Build.0 = Debug|Any CPU
		{CADD4CDE-ACFB-477D-9286-207948A01009}.Release|Any CPU.ActiveCfg = Release|Any CPU
		{CADD4CDE-ACFB-477D-9286-207948A01009}.Release|Any CPU.Build.0 = Release|Any CPU
	EndGlobalSection
	GlobalSection(SolutionProperties) = preSolution
		HideSolutionNode = FALSE
	EndGlobalSection
	GlobalSection(ExtensibilityGlobals) = postSolution
		SolutionGuid = {1CA133F3-03C4-4D48-B579-3B166DB02BE8}
	EndGlobalSection
EndGlobal
